<?xml version="1.0" encoding="utf-8"?>
<Project ToolsVersion="4.0" xmlns="http://schemas.microsoft.com/developer/msbuild/2003">
  <ItemGroup>
    <Filter Include="Source Files">
      <UniqueIdentifier>{4FC737F1-C7A5-4376-A066-2A32D752A2FF}</UniqueIdentifier>
      <Extensions>cpp;c;cc;cxx;def;odl;idl;hpj;bat;asm;asmx</Extensions>
    </Filter>
    <Filter Include="Header Files">
      <UniqueIdentifier>{93995380-89BD-4b04-88EB-625FBE52EBFB}</UniqueIdentifier>
      <Extensions>h;hh;hpp;hxx;hm;inl;inc;ipp;xsd</Extensions>
    </Filter>
    <Filter Include="Resource Files">
      <UniqueIdentifier>{67DA6AB6-F800-4c08-8B7A-83BB121AAD01}</UniqueIdentifier>
      <Extensions>rc;ico;cur;bmp;dlg;rc2;rct;bin;rgs;gif;jpg;jpeg;jpe;resx;tiff;tif;png;wav;mfcribbon-ms</Extensions>
    </Filter>
    <Filter Include="Shaders">
      <UniqueIdentifier>{09e16316-c92e-4ef0-ba66-e77f4aa34d1b}</UniqueIdentifier>
    </Filter>
    <Filter Include="Mesh">
      <UniqueIdentifier>{679a4fcf-875d-4de0-8255-e81c560ed0ad}</UniqueIdentifier>
    </Filter>
    <Filter Include="Lights">
      <UniqueIdentifier>{9032aaea-06f9-42b0-bc15-3ac94dbdd2a3}</UniqueIdentifier>
    </Filter>
    <Filter Include="Entity">
      <UniqueIdentifier>{868dad42-fe63-4c76-8583-9b5232e73b16}</UniqueIdentifier>
    </Filter>
    <Filter Include="FlyCamera">
      <UniqueIdentifier>{44d337bd-c72d-4f2c-8900-0565b00e8f74}</UniqueIdentifier>
    </Filter>
    <Filter Include="TextuteManager">
      <UniqueIdentifier>{b57ac0f2-6ff7-487a-93c3-c586594f6b8c}</UniqueIdentifier>
    </Filter>
    <Filter Include="JSON_files">
      <UniqueIdentifier>{f312bd1e-7e3c-4f87-b625-0b07ae99341d}</UniqueIdentifier>
    </Filter>
    <Filter Include="NETWORKING">
      <UniqueIdentifier>{aadfe273-2257-4260-8114-5b7a75acff84}</UniqueIdentifier>
    </Filter>
  </ItemGroup>
  <ItemGroup>
    <ClCompile Include="main.cpp">
      <Filter>Source Files</Filter>
    </ClCompile>
    <ClCompile Include="glad.c">
      <Filter>Source Files</Filter>
    </ClCompile>
    <ClCompile Include="UserIO.cpp">
      <Filter>Source Files</Filter>
    </ClCompile>
    <ClCompile Include="sDrawInfo.cpp">
      <Filter>Mesh</Filter>
    </ClCompile>
    <ClCompile Include="loadModelsIntoScene.cpp">
      <Filter>Source Files</Filter>
    </ClCompile>
    <ClCompile Include="VAOMeshManager.cpp">
      <Filter>Mesh</Filter>
    </ClCompile>
    <ClCompile Include="DrawObj.cpp">
      <Filter>Source Files</Filter>
    </ClCompile>
    <ClCompile Include="cLight.cpp">
      <Filter>Lights</Filter>
    </ClCompile>
    <ClCompile Include="cLightHelper.cpp">
      <Filter>Lights</Filter>
    </ClCompile>
    <ClCompile Include="cLightManager.cpp">
      <Filter>Lights</Filter>
    </ClCompile>
    <ClCompile Include="Param.cpp">
      <Filter>Entity</Filter>
    </ClCompile>
    <ClCompile Include="EntitryManager.cpp">
      <Filter>Entity</Filter>
    </ClCompile>
    <ClCompile Include="cShader.cpp">
      <Filter>Shaders</Filter>
    </ClCompile>
    <ClCompile Include="cShaderManager.cpp">
      <Filter>Shaders</Filter>
    </ClCompile>
    <ClCompile Include="cFlyCamera.cpp">
      <Filter>FlyCamera</Filter>
    </ClCompile>
    <ClCompile Include="TextureManager\C24BitBMPpixel.cpp">
      <Filter>TextuteManager</Filter>
    </ClCompile>
    <ClCompile Include="TextureManager\cBasicTextureManager.cpp">
      <Filter>TextuteManager</Filter>
    </ClCompile>
    <ClCompile Include="TextureManager\CTextureFromBMP.cpp">
      <Filter>TextuteManager</Filter>
    </ClCompile>
    <ClCompile Include="PhysicsStuff.cpp">
      <Filter>Source Files</Filter>
    </ClCompile>
    <ClCompile Include="cMeshObject.cpp">
      <Filter>Entity</Filter>
    </ClCompile>
    <ClCompile Include="Buffer.cpp">
      <Filter>NETWORKING</Filter>
    </ClCompile>
    <ClCompile Include="MessageProtocol.cpp">
      <Filter>NETWORKING</Filter>
    </ClCompile>
  </ItemGroup>
  <ItemGroup>
    <ClInclude Include="global.h">
      <Filter>Header Files</Filter>
    </ClInclude>
    <ClInclude Include="linmath.h">
      <Filter>Source Files</Filter>
    </ClInclude>
    <ClInclude Include="sPlyVertex.h">
      <Filter>Header Files</Filter>
    </ClInclude>
    <ClInclude Include="sPlyTriangle.h">
      <Filter>Header Files</Filter>
    </ClInclude>
    <ClInclude Include="sDrawInfo.h">
      <Filter>Mesh</Filter>
    </ClInclude>
    <ClInclude Include="VAOMeshManager.h">
      <Filter>Mesh</Filter>
    </ClInclude>
    <ClInclude Include="cLight.h">
      <Filter>Lights</Filter>
    </ClInclude>
    <ClInclude Include="cLightHelper.h">
      <Filter>Lights</Filter>
    </ClInclude>
    <ClInclude Include="cLightManager.h">
      <Filter>Lights</Filter>
    </ClInclude>
    <ClInclude Include="Param.h">
      <Filter>Entity</Filter>
    </ClInclude>
    <ClInclude Include="cShaderManager.h">
      <Filter>Shaders</Filter>
    </ClInclude>
    <ClInclude Include="cFlyCamera.h">
      <Filter>FlyCamera</Filter>
    </ClInclude>
    <ClInclude Include="TextureManager\C24BitBMPpixel.h">
      <Filter>TextuteManager</Filter>
    </ClInclude>
    <ClInclude Include="TextureManager\cBasicTextureManager.h">
      <Filter>TextuteManager</Filter>
    </ClInclude>
    <ClInclude Include="TextureManager\CTextureFromBMP.h">
      <Filter>TextuteManager</Filter>
    </ClInclude>
    <ClInclude Include="cMeshObject.h">
      <Filter>Entity</Filter>
    </ClInclude>
    <ClInclude Include="Buffer.h">
      <Filter>NETWORKING</Filter>
    </ClInclude>
    <ClInclude Include="MessageProtocol.h">
      <Filter>NETWORKING</Filter>
    </ClInclude>
  </ItemGroup>
  <ItemGroup>
    <None Include="fragment.glsl">
      <Filter>Shaders</Filter>
    </None>
    <None Include="vertex.glsl">
      <Filter>Shaders</Filter>
    </None>
    <None Include="assets\JSON\camera.json">
      <Filter>JSON_files</Filter>
    </None>
    <None Include="assets\JSON\lights1.json">
      <Filter>JSON_files</Filter>
    </None>
    <None Include="assets\JSON\entities2.json">
      <Filter>JSON_files</Filter>
    </None>
  </ItemGroup>
</Project>